
Microsoft Visual Studio Solution File, Format Version 12.00
# Visual Studio Version 16
VisualStudioVersion = 16.0.29920.165
MinimumVisualStudioVersion = 10.0.40219.1
Project("{9A19103F-16F7-4668-BE54-9A1E7A4F7556}") = "PasswordLengthTest", "PasswordLengthTest\PasswordLengthTest.csproj", "{1529941A-57FA-415F-AD21-F0B7A52A3B40}"
EndProject
Project("{9A19103F-16F7-4668-BE54-9A1E7A4F7556}") = "AesEncrypt", "AesEncrypt\AesEncrypt.csproj", "{6D2E40F9-8593-46F9-AF4E-C8849B2BB0A6}"
EndProject
Global
	GlobalSection(SolutionConfigurationPlatforms) = preSolution
		Debug|Any CPU = Debug|Any CPU
		Release|Any CPU = Release|Any CPU
	EndGlobalSection
	GlobalSection(ProjectConfigurationPlatforms) = postSolution
		{1529941A-57FA-415F-AD21-F0B7A52A3B40}.Debug|Any CPU.ActiveCfg = Debug|Any CPU
		{1529941A-57FA-415F-AD21-F0B7A52A3B40}.Debug|Any CPU.Build.0 = Debug|Any CPU
		{1529941A-57FA-415F-AD21-F0B7A52A3B40}.Release|Any CPU.ActiveCfg = Release|Any CPU
		{1529941A-57FA-415F-AD21-F0B7A52A3B40}.Release|Any CPU.Build.0 = Release|Any CPU
		{6D2E40F9-8593-46F9-AF4E-C8849B2BB0A6}.Debug|Any CPU.ActiveCfg = Debug|Any CPU
		{6D2E40F9-8593-46F9-AF4E-C8849B2BB0A6}.Debug|Any CPU.Build.0 = Debug|Any CPU
		{6D2E40F9-8593-46F9-AF4E-C8849B2BB0A6}.Release|Any CPU.ActiveCfg = Release|Any CPU
		{6D2E40F9-8593-46F9-AF4E-C8849B2BB0A6}.Release|Any CPU.Build.0 = Release|Any CPU
	EndGlobalSection
	GlobalSection(SolutionProperties) = preSolution
		HideSolutionNode = FALSE
	EndGlobalSection
	GlobalSection(ExtensibilityGlobals) = postSolution
		SolutionGuid = {75561B42-5096-4C41-B4DC-1BF10C738A56}
	EndGlobalSection
EndGlobal
